
Microsoft Visual Studio Solution File, Format Version 12.00
# Visual Studio Version 17
VisualStudioVersion = 17.9.34728.123
MinimumVisualStudioVersion = 10.0.40219.1
Project("{9A19103F-16F7-4668-BE54-9A1E7A4F7556}") = "Goncermor Updater", "Goncermor Updater\Goncermor Updater.csproj", "{61367248-8856-43A9-B370-367E7C36BCAA}"
EndProject
Global
	GlobalSection(SolutionConfigurationPlatforms) = preSolution
		Debug|Any CPU = Debug|Any CPU
		Debug|x64 = Debug|x64
		Release|Any CPU = Release|Any CPU
		Release|x64 = Release|x64
	EndGlobalSection
	GlobalSection(ProjectConfigurationPlatforms) = postSolution
		{61367248-8856-43A9-B370-367E7C36BCAA}.Debug|Any CPU.ActiveCfg = Debug|Any CPU
		{61367248-8856-43A9-B370-367E7C36BCAA}.Debug|Any CPU.Build.0 = Debug|Any CPU
		{61367248-8856-43A9-B370-367E7C36BCAA}.Debug|x64.ActiveCfg = Debug|x64
		{61367248-8856-43A9-B370-367E7C36BCAA}.Debug|x64.Build.0 = Debug|x64
		{61367248-8856-43A9-B370-367E7C36BCAA}.Release|Any CPU.ActiveCfg = Release|Any CPU
		{61367248-8856-43A9-B370-367E7C36BCAA}.Release|Any CPU.Build.0 = Release|Any CPU
		{61367248-8856-43A9-B370-367E7C36BCAA}.Release|x64.ActiveCfg = Release|x64
		{61367248-8856-43A9-B370-367E7C36BCAA}.Release|x64.Build.0 = Release|x64
	EndGlobalSection
	GlobalSection(SolutionProperties) = preSolution
		HideSolutionNode = FALSE
	EndGlobalSection
	GlobalSection(ExtensibilityGlobals) = postSolution
		SolutionGuid = {C1782B33-8ADA-4F6C-A007-259023663749}
	EndGlobalSection
EndGlobal
